<Solution>
  <Folder Name="/tools/">
    <Project Path="tools/IndustrialDataSim.ControlProbe/IndustrialDataSim.ControlProbe.csproj" />
    <Project Path="tools/IndustrialDataSim.CapacityProbe/IndustrialDataSim.CapacityProbe.csproj" />
  </Folder>
  <Folder Name="/src/">
    <Project Path="src/IndustrialDataSim.Cli/IndustrialDataSim.Cli.csproj" />
    <Project Path="src/IndustrialDataSim.Core/IndustrialDataSim.Core.csproj" />
    <Project Path="src/IndustrialDataSim.Runtime/IndustrialDataSim.Runtime.csproj" />
  </Folder>
  <Folder Name="/tests/">
    <Project Path="tests/IndustrialDataSim.CrashProbe/IndustrialDataSim.CrashProbe.csproj" />
    <Project Path="tests/IndustrialDataSim.Tests/IndustrialDataSim.Tests.csproj" />
  </Folder>
</Solution>
